
Microsoft Visual Studio Solution File, Format Version 12.00
# Visual Studio Version 17
VisualStudioVersion = 17.10.35004.147
MinimumVisualStudioVersion = 10.0.40219.1
Project("{8BC9CEB8-8B4A-11D0-8D11-00A0C91BC942}") = "Home_work_4_;esson_4_c++", "Home_work_4_;esson_4_c++\Home_work_4_;esson_4_c++.vcxproj", "{1703551C-99A1-4A86-825D-CE94C6427840}"
EndProject
Global
	GlobalSection(SolutionConfigurationPlatforms) = preSolution
		Debug|x64 = Debug|x64
		Debug|x86 = Debug|x86
		Release|x64 = Release|x64
		Release|x86 = Release|x86
	EndGlobalSection
	GlobalSection(ProjectConfigurationPlatforms) = postSolution
		{1703551C-99A1-4A86-825D-CE94C6427840}.Debug|x64.ActiveCfg = Debug|x64
		{1703551C-99A1-4A86-825D-CE94C6427840}.Debug|x64.Build.0 = Debug|x64
		{1703551C-99A1-4A86-825D-CE94C6427840}.Debug|x86.ActiveCfg = Debug|Win32
		{1703551C-99A1-4A86-825D-CE94C6427840}.Debug|x86.Build.0 = Debug|Win32
		{1703551C-99A1-4A86-825D-CE94C6427840}.Release|x64.ActiveCfg = Release|x64
		{1703551C-99A1-4A86-825D-CE94C6427840}.Release|x64.Build.0 = Release|x64
		{1703551C-99A1-4A86-825D-CE94C6427840}.Release|x86.ActiveCfg = Release|Win32
		{1703551C-99A1-4A86-825D-CE94C6427840}.Release|x86.Build.0 = Release|Win32
	EndGlobalSection
	GlobalSection(SolutionProperties) = preSolution
		HideSolutionNode = FALSE
	EndGlobalSection
	GlobalSection(ExtensibilityGlobals) = postSolution
		SolutionGuid = {D3FAF0FC-ABA9-43EF-BE05-912E5B120E3A}
	EndGlobalSection
EndGlobal
